
Microsoft Visual Studio Solution File, Format Version 12.00
# Visual Studio Version 16
VisualStudioVersion = 16.6.30114.105
MinimumVisualStudioVersion = 10.0.40219.1
Project("{FAE04EC0-301F-11D3-BF4B-00C04F79EFBC}") = "Qol", "Qol\Qol.csproj", "{EC130B9B-E65E-41D0-9784-0482581527F2}"
EndProject
Project("{FAE04EC0-301F-11D3-BF4B-00C04F79EFBC}") = "QCompiler", "QCompiler\QCompiler.csproj", "{9F5D8049-F3EC-4B7E-8519-B4424749053D}"
EndProject
Project("{FAE04EC0-301F-11D3-BF4B-00C04F79EFBC}") = "QolTest", "QolTest\QolTest.csproj", "{8AA334D1-F14E-43C8-826A-D31C7A0163B6}"
EndProject
Project("{FAE04EC0-301F-11D3-BF4B-00C04F79EFBC}") = "QRepl", "QRepl\QRepl.csproj", "{955B5EAB-D4BD-4F87-ABDD-05DD190CD277}"
EndProject
Project("{FAE04EC0-301F-11D3-BF4B-00C04F79EFBC}") = "Qol.Generators", "Qol.Generators\Qol.Generators.csproj", "{C195DE91-8733-4E34-B5F9-6C118BC9BA55}"
EndProject
Global
	GlobalSection(SolutionConfigurationPlatforms) = preSolution
		Debug|Any CPU = Debug|Any CPU
		Debug|x64 = Debug|x64
		Debug|x86 = Debug|x86
		Release|Any CPU = Release|Any CPU
		Release|x64 = Release|x64
		Release|x86 = Release|x86
	EndGlobalSection
	GlobalSection(SolutionProperties) = preSolution
		HideSolutionNode = FALSE
	EndGlobalSection
	GlobalSection(ProjectConfigurationPlatforms) = postSolution
		{EC130B9B-E65E-41D0-9784-0482581527F2}.Debug|Any CPU.ActiveCfg = Debug|Any CPU
		{EC130B9B-E65E-41D0-9784-0482581527F2}.Debug|Any CPU.Build.0 = Debug|Any CPU
		{EC130B9B-E65E-41D0-9784-0482581527F2}.Debug|x64.ActiveCfg = Debug|Any CPU
		{EC130B9B-E65E-41D0-9784-0482581527F2}.Debug|x64.Build.0 = Debug|Any CPU
		{EC130B9B-E65E-41D0-9784-0482581527F2}.Debug|x86.ActiveCfg = Debug|Any CPU
		{EC130B9B-E65E-41D0-9784-0482581527F2}.Debug|x86.Build.0 = Debug|Any CPU
		{EC130B9B-E65E-41D0-9784-0482581527F2}.Release|Any CPU.ActiveCfg = Release|Any CPU
		{EC130B9B-E65E-41D0-9784-0482581527F2}.Release|Any CPU.Build.0 = Release|Any CPU
		{EC130B9B-E65E-41D0-9784-0482581527F2}.Release|x64.ActiveCfg = Release|Any CPU
		{EC130B9B-E65E-41D0-9784-0482581527F2}.Release|x64.Build.0 = Release|Any CPU
		{EC130B9B-E65E-41D0-9784-0482581527F2}.Release|x86.ActiveCfg = Release|Any CPU
		{EC130B9B-E65E-41D0-9784-0482581527F2}.Release|x86.Build.0 = Release|Any CPU
		{9F5D8049-F3EC-4B7E-8519-B4424749053D}.Debug|Any CPU.ActiveCfg = Debug|Any CPU
		{9F5D8049-F3EC-4B7E-8519-B4424749053D}.Debug|Any CPU.Build.0 = Debug|Any CPU
		{9F5D8049-F3EC-4B7E-8519-B4424749053D}.Debug|x64.ActiveCfg = Debug|Any CPU
		{9F5D8049-F3EC-4B7E-8519-B4424749053D}.Debug|x64.Build.0 = Debug|Any CPU
		{9F5D8049-F3EC-4B7E-8519-B4424749053D}.Debug|x86.ActiveCfg = Debug|Any CPU
		{9F5D8049-F3EC-4B7E-8519-B4424749053D}.Debug|x86.Build.0 = Debug|Any CPU
		{9F5D8049-F3EC-4B7E-8519-B4424749053D}.Release|Any CPU.ActiveCfg = Release|Any CPU
		{9F5D8049-F3EC-4B7E-8519-B4424749053D}.Release|Any CPU.Build.0 = Release|Any CPU
		{9F5D8049-F3EC-4B7E-8519-B4424749053D}.Release|x64.ActiveCfg = Release|Any CPU
		{9F5D8049-F3EC-4B7E-8519-B4424749053D}.Release|x64.Build.0 = Release|Any CPU
		{9F5D8049-F3EC-4B7E-8519-B4424749053D}.Release|x86.ActiveCfg = Release|Any CPU
		{9F5D8049-F3EC-4B7E-8519-B4424749053D}.Release|x86.Build.0 = Release|Any CPU
		{8AA334D1-F14E-43C8-826A-D31C7A0163B6}.Debug|Any CPU.ActiveCfg = Debug|Any CPU
		{8AA334D1-F14E-43C8-826A-D31C7A0163B6}.Debug|Any CPU.Build.0 = Debug|Any CPU
		{8AA334D1-F14E-43C8-826A-D31C7A0163B6}.Debug|x64.ActiveCfg = Debug|Any CPU
		{8AA334D1-F14E-43C8-826A-D31C7A0163B6}.Debug|x64.Build.0 = Debug|Any CPU
		{8AA334D1-F14E-43C8-826A-D31C7A0163B6}.Debug|x86.ActiveCfg = Debug|Any CPU
		{8AA334D1-F14E-43C8-826A-D31C7A0163B6}.Debug|x86.Build.0 = Debug|Any CPU
		{8AA334D1-F14E-43C8-826A-D31C7A0163B6}.Release|Any CPU.ActiveCfg = Release|Any CPU
		{8AA334D1-F14E-43C8-826A-D31C7A0163B6}.Release|Any CPU.Build.0 = Release|Any CPU
		{8AA334D1-F14E-43C8-826A-D31C7A0163B6}.Release|x64.ActiveCfg = Release|Any CPU
		{8AA334D1-F14E-43C8-826A-D31C7A0163B6}.Release|x64.Build.0 = Release|Any CPU
		{8AA334D1-F14E-43C8-826A-D31C7A0163B6}.Release|x86.ActiveCfg = Release|Any CPU
		{8AA334D1-F14E-43C8-826A-D31C7A0163B6}.Release|x86.Build.0 = Release|Any CPU
		{955B5EAB-D4BD-4F87-ABDD-05DD190CD277}.Debug|Any CPU.ActiveCfg = Debug|Any CPU
		{955B5EAB-D4BD-4F87-ABDD-05DD190CD277}.Debug|Any CPU.Build.0 = Debug|Any CPU
		{955B5EAB-D4BD-4F87-ABDD-05DD190CD277}.Debug|x64.ActiveCfg = Debug|Any CPU
		{955B5EAB-D4BD-4F87-ABDD-05DD190CD277}.Debug|x64.Build.0 = Debug|Any CPU
		{955B5EAB-D4BD-4F87-ABDD-05DD190CD277}.Debug|x86.ActiveCfg = Debug|Any CPU
		{955B5EAB-D4BD-4F87-ABDD-05DD190CD277}.Debug|x86.Build.0 = Debug|Any CPU
		{955B5EAB-D4BD-4F87-ABDD-05DD190CD277}.Release|Any CPU.ActiveCfg = Release|Any CPU
		{955B5EAB-D4BD-4F87-ABDD-05DD190CD277}.Release|Any CPU.Build.0 = Release|Any CPU
		{955B5EAB-D4BD-4F87-ABDD-05DD190CD277}.Release|x64.ActiveCfg = Release|Any CPU
		{955B5EAB-D4BD-4F87-ABDD-05DD190CD277}.Release|x64.Build.0 = Release|Any CPU
		{955B5EAB-D4BD-4F87-ABDD-05DD190CD277}.Release|x86.ActiveCfg = Release|Any CPU
		{955B5EAB-D4BD-4F87-ABDD-05DD190CD277}.Release|x86.Build.0 = Release|Any CPU
		{C195DE91-8733-4E34-B5F9-6C118BC9BA55}.Debug|Any CPU.ActiveCfg = Debug|Any CPU
		{C195DE91-8733-4E34-B5F9-6C118BC9BA55}.Debug|Any CPU.Build.0 = Debug|Any CPU
		{C195DE91-8733-4E34-B5F9-6C118BC9BA55}.Debug|x64.ActiveCfg = Debug|Any CPU
		{C195DE91-8733-4E34-B5F9-6C118BC9BA55}.Debug|x64.Build.0 = Debug|Any CPU
		{C195DE91-8733-4E34-B5F9-6C118BC9BA55}.Debug|x86.ActiveCfg = Debug|Any CPU
		{C195DE91-8733-4E34-B5F9-6C118BC9BA55}.Debug|x86.Build.0 = Debug|Any CPU
		{C195DE91-8733-4E34-B5F9-6C118BC9BA55}.Release|Any CPU.ActiveCfg = Release|Any CPU
		{C195DE91-8733-4E34-B5F9-6C118BC9BA55}.Release|Any CPU.Build.0 = Release|Any CPU
		{C195DE91-8733-4E34-B5F9-6C118BC9BA55}.Release|x64.ActiveCfg = Release|Any CPU
		{C195DE91-8733-4E34-B5F9-6C118BC9BA55}.Release|x64.Build.0 = Release|Any CPU
		{C195DE91-8733-4E34-B5F9-6C118BC9BA55}.Release|x86.ActiveCfg = Release|Any CPU
		{C195DE91-8733-4E34-B5F9-6C118BC9BA55}.Release|x86.Build.0 = Release|Any CPU
	EndGlobalSection
EndGlobal
